
Microsoft Visual Studio Solution File, Format Version 12.00
# Visual Studio Version 17
VisualStudioVersion = 17.1.32421.90
MinimumVisualStudioVersion = 10.0.40219.1
Project("{FAE04EC0-301F-11D3-BF4B-00C04F79EFBC}") = "FifteenGame", "FifteenGame\FifteenGame.csproj", "{C59A5805-265D-401D-B7A0-F2F3D6A31F83}"
EndProject
Global
	GlobalSection(SolutionConfigurationPlatforms) = preSolution
		Debug|Any CPU = Debug|Any CPU
		Release|Any CPU = Release|Any CPU
	EndGlobalSection
	GlobalSection(ProjectConfigurationPlatforms) = postSolution
		{C59A5805-265D-401D-B7A0-F2F3D6A31F83}.Debug|Any CPU.ActiveCfg = Debug|Any CPU
		{C59A5805-265D-401D-B7A0-F2F3D6A31F83}.Debug|Any CPU.Build.0 = Debug|Any CPU
		{C59A5805-265D-401D-B7A0-F2F3D6A31F83}.Release|Any CPU.ActiveCfg = Release|Any CPU
		{C59A5805-265D-401D-B7A0-F2F3D6A31F83}.Release|Any CPU.Build.0 = Release|Any CPU
	EndGlobalSection
	GlobalSection(SolutionProperties) = preSolution
		HideSolutionNode = FALSE
	EndGlobalSection
	GlobalSection(ExtensibilityGlobals) = postSolution
		SolutionGuid = {A163039F-5B7A-4777-8432-D230F4838AAD}
	EndGlobalSection
EndGlobal
